
Microsoft Visual Studio Solution File, Format Version 12.00
# Visual Studio Version 16
VisualStudioVersion = 16.0.28803.202
MinimumVisualStudioVersion = 10.0.40219.1
Project("{8BC9CEB8-8B4A-11D0-8D11-00A0C91BC942}") = "MonstersGame", "MonstersGame.vcxproj", "{5B3572E0-3396-42C1-A44E-0060A4A7BC19}"
EndProject
Global
	GlobalSection(SolutionConfigurationPlatforms) = preSolution
		Debug|x64 = Debug|x64
		Debug|x86 = Debug|x86
		Release|x64 = Release|x64
		Release|x86 = Release|x86
	EndGlobalSection
	GlobalSection(ProjectConfigurationPlatforms) = postSolution
		{5B3572E0-3396-42C1-A44E-0060A4A7BC19}.Debug|x64.ActiveCfg = Debug|x64
		{5B3572E0-3396-42C1-A44E-0060A4A7BC19}.Debug|x64.Build.0 = Debug|x64
		{5B3572E0-3396-42C1-A44E-0060A4A7BC19}.Debug|x86.ActiveCfg = Debug|Win32
		{5B3572E0-3396-42C1-A44E-0060A4A7BC19}.Debug|x86.Build.0 = Debug|Win32
		{5B3572E0-3396-42C1-A44E-0060A4A7BC19}.Release|x64.ActiveCfg = Release|x64
		{5B3572E0-3396-42C1-A44E-0060A4A7BC19}.Release|x64.Build.0 = Release|x64
		{5B3572E0-3396-42C1-A44E-0060A4A7BC19}.Release|x86.ActiveCfg = Release|Win32
		{5B3572E0-3396-42C1-A44E-0060A4A7BC19}.Release|x86.Build.0 = Release|Win32
	EndGlobalSection
	GlobalSection(SolutionProperties) = preSolution
		HideSolutionNode = FALSE
	EndGlobalSection
	GlobalSection(ExtensibilityGlobals) = postSolution
		SolutionGuid = {81D0B496-208E-40B6-BFEC-11E63293B360}
	EndGlobalSection
EndGlobal
